
Microsoft Visual Studio Solution File, Format Version 12.00
# Visual Studio Version 17
VisualStudioVersion = 17.5.33627.172
MinimumVisualStudioVersion = 10.0.40219.1
Project("{9A19103F-16F7-4668-BE54-9A1E7A4F7556}") = "UserAPI", "UserAPI\UserAPI.csproj", "{8DFCBBD7-267A-4E78-981E-0DD9C0E566EE}"
EndProject
Project("{FAE04EC0-301F-11D3-BF4B-00C04F79EFBC}") = "TestHospital", "TestHospital\TestHospital.csproj", "{88026D93-CF9A-47A1-8220-38919C708D0E}"
EndProject
Global
	GlobalSection(SolutionConfigurationPlatforms) = preSolution
		Debug|Any CPU = Debug|Any CPU
		Release|Any CPU = Release|Any CPU
	EndGlobalSection
	GlobalSection(ProjectConfigurationPlatforms) = postSolution
		{8DFCBBD7-267A-4E78-981E-0DD9C0E566EE}.Debug|Any CPU.ActiveCfg = Debug|Any CPU
		{8DFCBBD7-267A-4E78-981E-0DD9C0E566EE}.Debug|Any CPU.Build.0 = Debug|Any CPU
		{8DFCBBD7-267A-4E78-981E-0DD9C0E566EE}.Release|Any CPU.ActiveCfg = Release|Any CPU
		{8DFCBBD7-267A-4E78-981E-0DD9C0E566EE}.Release|Any CPU.Build.0 = Release|Any CPU
		{88026D93-CF9A-47A1-8220-38919C708D0E}.Debug|Any CPU.ActiveCfg = Debug|Any CPU
		{88026D93-CF9A-47A1-8220-38919C708D0E}.Debug|Any CPU.Build.0 = Debug|Any CPU
		{88026D93-CF9A-47A1-8220-38919C708D0E}.Release|Any CPU.ActiveCfg = Release|Any CPU
		{88026D93-CF9A-47A1-8220-38919C708D0E}.Release|Any CPU.Build.0 = Release|Any CPU
	EndGlobalSection
	GlobalSection(SolutionProperties) = preSolution
		HideSolutionNode = FALSE
	EndGlobalSection
	GlobalSection(ExtensibilityGlobals) = postSolution
		SolutionGuid = {9AB4A7B5-41F1-4D48-A653-F42E60663825}
	EndGlobalSection
EndGlobal
